{
  "name": "@loopholelabs/scale-ts",
  "version": "0.1.0",
  "lockfileVersion": 2,
  "requires": true,
  "packages": {
    "": {
      "name": "@loopholelabs/scale-ts",
      "version": "0.1.0",
      "dependencies": {
        "@loopholelabs/polyglot-ts": "^0.4.0",
        "@loopholelabs/scale-signature-http": "^0.2.6"
      },
      "devDependencies": {
        "@types/node": "^18.11.2"
      }
    },
    "node_modules/@loopholelabs/polyglot-ts": {
      "version": "0.4.0",
      "resolved": "https://registry.npmjs.org/@loopholelabs/polyglot-ts/-/polyglot-ts-0.4.0.tgz",
      "integrity": "sha512-wASTNWeNOVdjJZ7j+YMWxDL5fyGjfYMNPSMxS7+rrrlkhk5LYKAQbkWjb2WF4j5bMN62psPMhjk+3FnhMmv5tw=="
    },
    "node_modules/@loopholelabs/scale-signature": {
      "version": "0.2.1",
      "resolved": "https://registry.npmjs.org/@loopholelabs/scale-signature/-/scale-signature-0.2.1.tgz",
      "integrity": "sha512-fKXAcDTyGErhUUQUsuxJ05hVbOQK4a7R5UR6EuA3kUvyF2TOchRia5GiinVjlzF7a+55rgOQVWfc0Xutk4MsFw=="
    },
    "node_modules/@loopholelabs/scale-signature-http": {
      "version": "0.2.6",
      "resolved": "https://registry.npmjs.org/@loopholelabs/scale-signature-http/-/scale-signature-http-0.2.6.tgz",
      "integrity": "sha512-6RUDLt5IvYBldPwQwiZnEElVNyy0SZC0ABPWz3Os1nKiaXL1DJWVzhTYoEgDwmycKDVPb7gwjCBCdl2bBIMyjQ==",
      "dependencies": {
        "@loopholelabs/polyglot-ts": "^0.4.0",
        "@loopholelabs/scale-signature": "^0.2.1",
        "buffer": "^5.5.0",
        "fast-sha256": "^1.3.0",
        "polyfill-crypto.getrandomvalues": "^1.0.0"
      }
    },
    "node_modules/@types/node": {
      "version": "18.11.2",
      "resolved": "https://registry.npmjs.org/@types/node/-/node-18.11.2.tgz",
      "integrity": "sha512-BWN3M23gLO2jVG8g/XHIRFWiiV4/GckeFIqbU/C4V3xpoBBWSMk4OZomouN0wCkfQFPqgZikyLr7DOYDysIkkw==",
      "dev": true
    },
    "node_modules/base64-js": {
      "version": "1.5.1",
      "resolved": "https://registry.npmjs.org/base64-js/-/base64-js-1.5.1.tgz",
      "integrity": "sha512-AKpaYlHn8t4SVbOHCy+b5+KKgvR4vrsD8vbvrbiQJps7fKDTkjkDry6ji0rUJjC0kzbNePLwzxq8iypo41qeWA==",
      "funding": [
        {
          "type": "github",
          "url": "https://github.com/sponsors/feross"
        },
        {
          "type": "patreon",
          "url": "https://www.patreon.com/feross"
        },
        {
          "type": "consulting",
          "url": "https://feross.org/support"
        }
      ]
    },
    "node_modules/buffer": {
      "version": "5.7.1",
      "resolved": "https://registry.npmjs.org/buffer/-/buffer-5.7.1.tgz",
      "integrity": "sha512-EHcyIPBQ4BSGlvjB16k5KgAJ27CIsHY/2JBmCRReo48y9rQ3MaUzWX3KVlBa4U7MyX02HdVj0K7C3WaB3ju7FQ==",
      "funding": [
        {
          "type": "github",
          "url": "https://github.com/sponsors/feross"
        },
        {
          "type": "patreon",
          "url": "https://www.patreon.com/feross"
        },
        {
          "type": "consulting",
          "url": "https://feross.org/support"
        }
      ],
      "dependencies": {
        "base64-js": "^1.3.1",
        "ieee754": "^1.1.13"
      }
    },
    "node_modules/fast-sha256": {
      "version": "1.3.0",
      "resolved": "https://registry.npmjs.org/fast-sha256/-/fast-sha256-1.3.0.tgz",
      "integrity": "sha512-n11RGP/lrWEFI/bWdygLxhI+pVeo1ZYIVwvvPkW7azl/rOy+F3HYRZ2K5zeE9mmkhQppyv9sQFx0JM9UabnpPQ=="
    },
    "node_modules/ieee754": {
      "version": "1.2.1",
      "resolved": "https://registry.npmjs.org/ieee754/-/ieee754-1.2.1.tgz",
      "integrity": "sha512-dcyqhDvX1C46lXZcVqCpK+FtMRQVdIMN6/Df5js2zouUsqG7I6sFxitIC+7KYK29KdXOLHdu9zL4sFnoVQnqaA==",
      "funding": [
        {
          "type": "github",
          "url": "https://github.com/sponsors/feross"
        },
        {
          "type": "patreon",
          "url": "https://www.patreon.com/feross"
        },
        {
          "type": "consulting",
          "url": "https://feross.org/support"
        }
      ]
    },
    "node_modules/mersenne-twister": {
      "version": "1.1.0",
      "resolved": "https://registry.npmjs.org/mersenne-twister/-/mersenne-twister-1.1.0.tgz",
      "integrity": "sha512-mUYWsMKNrm4lfygPkL3OfGzOPTR2DBlTkBNHM//F6hGp8cLThY897crAlk3/Jo17LEOOjQUrNAx6DvgO77QJkA=="
    },
    "node_modules/polyfill-crypto.getrandomvalues": {
      "version": "1.0.0",
      "resolved": "https://registry.npmjs.org/polyfill-crypto.getrandomvalues/-/polyfill-crypto.getrandomvalues-1.0.0.tgz",
      "integrity": "sha512-GIkU6bg4auRnDFOqUNit7eLn9hzznrJU1CGFuivQzDeVp4Ys8cY4OY6GhAdndJwo4jryz5cJyjg9ELhvQjdrtw==",
      "dependencies": {
        "mersenne-twister": "^1.0.1"
      }
    }
  },
  "dependencies": {
    "@loopholelabs/polyglot-ts": {
      "version": "0.4.0",
      "resolved": "https://registry.npmjs.org/@loopholelabs/polyglot-ts/-/polyglot-ts-0.4.0.tgz",
      "integrity": "sha512-wASTNWeNOVdjJZ7j+YMWxDL5fyGjfYMNPSMxS7+rrrlkhk5LYKAQbkWjb2WF4j5bMN62psPMhjk+3FnhMmv5tw=="
    },
    "@loopholelabs/scale-signature": {
      "version": "0.2.1",
      "resolved": "https://registry.npmjs.org/@loopholelabs/scale-signature/-/scale-signature-0.2.1.tgz",
      "integrity": "sha512-fKXAcDTyGErhUUQUsuxJ05hVbOQK4a7R5UR6EuA3kUvyF2TOchRia5GiinVjlzF7a+55rgOQVWfc0Xutk4MsFw=="
    },
    "@loopholelabs/scale-signature-http": {
      "version": "0.2.6",
      "resolved": "https://registry.npmjs.org/@loopholelabs/scale-signature-http/-/scale-signature-http-0.2.6.tgz",
      "integrity": "sha512-6RUDLt5IvYBldPwQwiZnEElVNyy0SZC0ABPWz3Os1nKiaXL1DJWVzhTYoEgDwmycKDVPb7gwjCBCdl2bBIMyjQ==",
      "requires": {
        "@loopholelabs/polyglot-ts": "^0.4.0",
        "@loopholelabs/scale-signature": "^0.2.1",
        "buffer": "^5.5.0",
        "fast-sha256": "^1.3.0",
        "polyfill-crypto.getrandomvalues": "^1.0.0"
      }
    },
    "@types/node": {
      "version": "18.11.2",
      "resolved": "https://registry.npmjs.org/@types/node/-/node-18.11.2.tgz",
      "integrity": "sha512-BWN3M23gLO2jVG8g/XHIRFWiiV4/GckeFIqbU/C4V3xpoBBWSMk4OZomouN0wCkfQFPqgZikyLr7DOYDysIkkw==",
      "dev": true
    },
    "base64-js": {
      "version": "1.5.1",
      "resolved": "https://registry.npmjs.org/base64-js/-/base64-js-1.5.1.tgz",
      "integrity": "sha512-AKpaYlHn8t4SVbOHCy+b5+KKgvR4vrsD8vbvrbiQJps7fKDTkjkDry6ji0rUJjC0kzbNePLwzxq8iypo41qeWA=="
    },
    "buffer": {
      "version": "5.7.1",
      "resolved": "https://registry.npmjs.org/buffer/-/buffer-5.7.1.tgz",
      "integrity": "sha512-EHcyIPBQ4BSGlvjB16k5KgAJ27CIsHY/2JBmCRReo48y9rQ3MaUzWX3KVlBa4U7MyX02HdVj0K7C3WaB3ju7FQ==",
      "requires": {
        "base64-js": "^1.3.1",
        "ieee754": "^1.1.13"
      }
    },
    "fast-sha256": {
      "version": "1.3.0",
      "resolved": "https://registry.npmjs.org/fast-sha256/-/fast-sha256-1.3.0.tgz",
      "integrity": "sha512-n11RGP/lrWEFI/bWdygLxhI+pVeo1ZYIVwvvPkW7azl/rOy+F3HYRZ2K5zeE9mmkhQppyv9sQFx0JM9UabnpPQ=="
    },
    "ieee754": {
      "version": "1.2.1",
      "resolved": "https://registry.npmjs.org/ieee754/-/ieee754-1.2.1.tgz",
      "integrity": "sha512-dcyqhDvX1C46lXZcVqCpK+FtMRQVdIMN6/Df5js2zouUsqG7I6sFxitIC+7KYK29KdXOLHdu9zL4sFnoVQnqaA=="
    },
    "mersenne-twister": {
      "version": "1.1.0",
      "resolved": "https://registry.npmjs.org/mersenne-twister/-/mersenne-twister-1.1.0.tgz",
      "integrity": "sha512-mUYWsMKNrm4lfygPkL3OfGzOPTR2DBlTkBNHM//F6hGp8cLThY897crAlk3/Jo17LEOOjQUrNAx6DvgO77QJkA=="
    },
    "polyfill-crypto.getrandomvalues": {
      "version": "1.0.0",
      "resolved": "https://registry.npmjs.org/polyfill-crypto.getrandomvalues/-/polyfill-crypto.getrandomvalues-1.0.0.tgz",
      "integrity": "sha512-GIkU6bg4auRnDFOqUNit7eLn9hzznrJU1CGFuivQzDeVp4Ys8cY4OY6GhAdndJwo4jryz5cJyjg9ELhvQjdrtw==",
      "requires": {
        "mersenne-twister": "^1.0.1"
      }
    }
  }
}
